
Microsoft Visual Studio Solution File, Format Version 12.00
# Visual Studio Version 16
VisualStudioVersion = 16.0.29519.181
MinimumVisualStudioVersion = 10.0.40219.1
Project("{FAE04EC0-301F-11D3-BF4B-00C04F79EFBC}") = "3.1HW", "3.1HW\3.1HW.csproj", "{B91BBC43-75A1-4498-A489-BD07E6450D5A}"
EndProject
Global
	GlobalSection(SolutionConfigurationPlatforms) = preSolution
		Debug|Any CPU = Debug|Any CPU
		Release|Any CPU = Release|Any CPU
	EndGlobalSection
	GlobalSection(ProjectConfigurationPlatforms) = postSolution
		{B91BBC43-75A1-4498-A489-BD07E6450D5A}.Debug|Any CPU.ActiveCfg = Debug|Any CPU
		{B91BBC43-75A1-4498-A489-BD07E6450D5A}.Debug|Any CPU.Build.0 = Debug|Any CPU
		{B91BBC43-75A1-4498-A489-BD07E6450D5A}.Release|Any CPU.ActiveCfg = Release|Any CPU
		{B91BBC43-75A1-4498-A489-BD07E6450D5A}.Release|Any CPU.Build.0 = Release|Any CPU
	EndGlobalSection
	GlobalSection(SolutionProperties) = preSolution
		HideSolutionNode = FALSE
	EndGlobalSection
	GlobalSection(ExtensibilityGlobals) = postSolution
		SolutionGuid = {AD35FF2D-F88B-42E9-B33C-5ADD6EF6D99D}
	EndGlobalSection
EndGlobal
