
Microsoft Visual Studio Solution File, Format Version 12.00
# Visual Studio Version 16
VisualStudioVersion = 16.0.29613.14
MinimumVisualStudioVersion = 10.0.40219.1
Project("{FAE04EC0-301F-11D3-BF4B-00C04F79EFBC}") = "FilterSortPagingApp", "FilterSortPagingApp\FilterSortPagingApp.csproj", "{514653DA-1CC2-4250-9273-4FC1AEA92761}"
EndProject
Global
	GlobalSection(SolutionConfigurationPlatforms) = preSolution
		Debug|Any CPU = Debug|Any CPU
		Release|Any CPU = Release|Any CPU
	EndGlobalSection
	GlobalSection(ProjectConfigurationPlatforms) = postSolution
		{514653DA-1CC2-4250-9273-4FC1AEA92761}.Debug|Any CPU.ActiveCfg = Debug|Any CPU
		{514653DA-1CC2-4250-9273-4FC1AEA92761}.Debug|Any CPU.Build.0 = Debug|Any CPU
		{514653DA-1CC2-4250-9273-4FC1AEA92761}.Release|Any CPU.ActiveCfg = Release|Any CPU
		{514653DA-1CC2-4250-9273-4FC1AEA92761}.Release|Any CPU.Build.0 = Release|Any CPU
	EndGlobalSection
	GlobalSection(SolutionProperties) = preSolution
		HideSolutionNode = FALSE
	EndGlobalSection
	GlobalSection(ExtensibilityGlobals) = postSolution
		SolutionGuid = {F9275FE5-D148-4FC1-A2B5-844BAF46CE13}
	EndGlobalSection
EndGlobal
