
Microsoft Visual Studio Solution File, Format Version 12.00
# Visual Studio Version 16
VisualStudioVersion = 16.0.29519.181
MinimumVisualStudioVersion = 10.0.40219.1
Project("{FAE04EC0-301F-11D3-BF4B-00C04F79EFBC}") = "3.1HelloWorld", "3.1HelloWorld\3.1HelloWorld.csproj", "{A7376F88-3FAC-4B3E-80F3-30782780A3B3}"
EndProject
Global
	GlobalSection(SolutionConfigurationPlatforms) = preSolution
		Debug|Any CPU = Debug|Any CPU
		Release|Any CPU = Release|Any CPU
	EndGlobalSection
	GlobalSection(ProjectConfigurationPlatforms) = postSolution
		{A7376F88-3FAC-4B3E-80F3-30782780A3B3}.Debug|Any CPU.ActiveCfg = Debug|Any CPU
		{A7376F88-3FAC-4B3E-80F3-30782780A3B3}.Debug|Any CPU.Build.0 = Debug|Any CPU
		{A7376F88-3FAC-4B3E-80F3-30782780A3B3}.Release|Any CPU.ActiveCfg = Release|Any CPU
		{A7376F88-3FAC-4B3E-80F3-30782780A3B3}.Release|Any CPU.Build.0 = Release|Any CPU
	EndGlobalSection
	GlobalSection(SolutionProperties) = preSolution
		HideSolutionNode = FALSE
	EndGlobalSection
	GlobalSection(ExtensibilityGlobals) = postSolution
		SolutionGuid = {FBF080AC-7753-4E6E-8858-895CD7F92C79}
	EndGlobalSection
EndGlobal
