
Microsoft Visual Studio Solution File, Format Version 12.00
# Visual Studio Version 16
VisualStudioVersion = 16.0.29519.181
MinimumVisualStudioVersion = 10.0.40219.1
Project("{FAE04EC0-301F-11D3-BF4B-00C04F79EFBC}") = "3.4Formula", "3.4Formula\3.4Formula.csproj", "{9FDFF290-97EB-41BF-91BF-71EC91D4BEC1}"
EndProject
Global
	GlobalSection(SolutionConfigurationPlatforms) = preSolution
		Debug|Any CPU = Debug|Any CPU
		Release|Any CPU = Release|Any CPU
	EndGlobalSection
	GlobalSection(ProjectConfigurationPlatforms) = postSolution
		{9FDFF290-97EB-41BF-91BF-71EC91D4BEC1}.Debug|Any CPU.ActiveCfg = Debug|Any CPU
		{9FDFF290-97EB-41BF-91BF-71EC91D4BEC1}.Debug|Any CPU.Build.0 = Debug|Any CPU
		{9FDFF290-97EB-41BF-91BF-71EC91D4BEC1}.Release|Any CPU.ActiveCfg = Release|Any CPU
		{9FDFF290-97EB-41BF-91BF-71EC91D4BEC1}.Release|Any CPU.Build.0 = Release|Any CPU
	EndGlobalSection
	GlobalSection(SolutionProperties) = preSolution
		HideSolutionNode = FALSE
	EndGlobalSection
	GlobalSection(ExtensibilityGlobals) = postSolution
		SolutionGuid = {18091663-FE8A-4647-AFBB-E83BB49E6ED3}
	EndGlobalSection
EndGlobal
